
Microsoft Visual Studio Solution File, Format Version 11.00
# Visual Studio 2010
Project("{FAE04EC0-301F-11D3-BF4B-00C04F79EFBC}") = "quickLog", "quickLog\quickLog.csproj", "{774AF038-E011-4B60-8036-4AADFB65FE38}"
EndProject
Global
	GlobalSection(SolutionConfigurationPlatforms) = preSolution
		Debug|x86 = Debug|x86
		Release|x86 = Release|x86
	EndGlobalSection
	GlobalSection(ProjectConfigurationPlatforms) = postSolution
		{774AF038-E011-4B60-8036-4AADFB65FE38}.Debug|x86.ActiveCfg = Debug|x86
		{774AF038-E011-4B60-8036-4AADFB65FE38}.Debug|x86.Build.0 = Debug|x86
		{774AF038-E011-4B60-8036-4AADFB65FE38}.Release|x86.ActiveCfg = Release|x86
		{774AF038-E011-4B60-8036-4AADFB65FE38}.Release|x86.Build.0 = Release|x86
	EndGlobalSection
	GlobalSection(SolutionProperties) = preSolution
		HideSolutionNode = FALSE
	EndGlobalSection
EndGlobal
